
Microsoft Visual Studio Solution File, Format Version 12.00
# Visual Studio Version 16
VisualStudioVersion = 16.0.31410.357
MinimumVisualStudioVersion = 10.0.40219.1
Project("{FAE04EC0-301F-11D3-BF4B-00C04F79EFBC}") = "LinkedList", "LinkedList\LinkedList.csproj", "{2B6ABD79-7E86-40F4-9E3C-546B33058C6A}"
EndProject
Project("{FAE04EC0-301F-11D3-BF4B-00C04F79EFBC}") = "LinkedListTest", "LinkedListTest\LinkedListTest.csproj", "{7258E03D-6691-4F7B-8331-041C8FAC377E}"
EndProject
Global
	GlobalSection(SolutionConfigurationPlatforms) = preSolution
		Debug|Any CPU = Debug|Any CPU
		Release|Any CPU = Release|Any CPU
	EndGlobalSection
	GlobalSection(ProjectConfigurationPlatforms) = postSolution
		{2B6ABD79-7E86-40F4-9E3C-546B33058C6A}.Debug|Any CPU.ActiveCfg = Debug|Any CPU
		{2B6ABD79-7E86-40F4-9E3C-546B33058C6A}.Debug|Any CPU.Build.0 = Debug|Any CPU
		{2B6ABD79-7E86-40F4-9E3C-546B33058C6A}.Release|Any CPU.ActiveCfg = Release|Any CPU
		{2B6ABD79-7E86-40F4-9E3C-546B33058C6A}.Release|Any CPU.Build.0 = Release|Any CPU
		{7258E03D-6691-4F7B-8331-041C8FAC377E}.Debug|Any CPU.ActiveCfg = Debug|Any CPU
		{7258E03D-6691-4F7B-8331-041C8FAC377E}.Debug|Any CPU.Build.0 = Debug|Any CPU
		{7258E03D-6691-4F7B-8331-041C8FAC377E}.Release|Any CPU.ActiveCfg = Release|Any CPU
		{7258E03D-6691-4F7B-8331-041C8FAC377E}.Release|Any CPU.Build.0 = Release|Any CPU
	EndGlobalSection
	GlobalSection(SolutionProperties) = preSolution
		HideSolutionNode = FALSE
	EndGlobalSection
	GlobalSection(ExtensibilityGlobals) = postSolution
		SolutionGuid = {C65D17A6-3349-4E3A-AA4C-947C8A96D3EC}
	EndGlobalSection
EndGlobal
